// !$*UTF8*$!
{
	archiveVersion = 1;
	classes = {
	};
	objectVersion = 56;
	objects = {

/* Begin PBXBuildFile section */
		BB84E9EF2C2FFC1000A9019A /* Weather_Ui_AppApp.swift in Sources */ = {isa = PBXBuildFile; fileRef = BB84E9EE2C2FFC1000A9019A /* Weather_Ui_AppApp.swift */; };
		BB84E9F12C2FFC1000A9019A /* ContentView.swift in Sources */ = {isa = PBXBuildFile; fileRef = BB84E9F02C2FFC1000A9019A /* ContentView.swift */; };
		BB84E9F32C2FFC1100A9019A /* Assets.xcassets in Resources */ = {isa = PBXBuildFile; fileRef = BB84E9F22C2FFC1100A9019A /* Assets.xcassets */; };
		BB84E9F62C2FFC1100A9019A /* Preview Assets.xcassets in Resources */ = {isa = PBXBuildFile; fileRef = BB84E9F52C2FFC1100A9019A /* Preview Assets.xcassets */; };
		BB84EA002C2FFC1100A9019A /* Weather_Ui_AppTests.swift in Sources */ = {isa = PBXBuildFile; fileRef = BB84E9FF2C2FFC1100A9019A /* Weather_Ui_AppTests.swift */; };
		BB84EA0A2C2FFC1100A9019A /* Weather_Ui_AppUITests.swift in Sources */ = {isa = PBXBuildFile; fileRef = BB84EA092C2FFC1100A9019A /* Weather_Ui_AppUITests.swift */; };
		BB84EA0C2C2FFC1100A9019A /* Weather_Ui_AppUITestsLaunchTests.swift in Sources */ = {isa = PBXBuildFile; fileRef = BB84EA0B2C2FFC1100A9019A /* Weather_Ui_AppUITestsLaunchTests.swift */; };
		BBFEB8622C3A9863006F5D3C /* CustomButtonView.swift in Sources */ = {isa = PBXBuildFile; fileRef = BBFEB8612C3A9863006F5D3C /* CustomButtonView.swift */; };
/* End PBXBuildFile section */

/* Begin PBXContainerItemProxy section */
		BB84E9FC2C2FFC1100A9019A /* PBXContainerItemProxy */ = {
			isa = PBXContainerItemProxy;
			containerPortal = BB84E9E32C2FFC1000A9019A /* Project object */;
			proxyType = 1;
			remoteGlobalIDString = BB84E9EA2C2FFC1000A9019A;
			remoteInfo = "Weather-Ui-App";
		};
		BB84EA062C2FFC1100A9019A /* PBXContainerItemProxy */ = {
			isa = PBXContainerItemProxy;
			containerPortal = BB84E9E32C2FFC1000A9019A /* Project object */;
			proxyType = 1;
			remoteGlobalIDString = BB84E9EA2C2FFC1000A9019A;
			remoteInfo = "Weather-Ui-App";
		};
/* End PBXContainerItemProxy section */

/* Begin PBXFileReference section */
		BB84E9EB2C2FFC1000A9019A /* Weather-Ui-App.app */ = {isa = PBXFileReference; explicitFileType = wrapper.application; includeInIndex = 0; path = "Weather-Ui-App.app"; sourceTree = BUILT_PRODUCTS_DIR; };
		BB84E9EE2C2FFC1000A9019A /* Weather_Ui_AppApp.swift */ = {isa = PBXFileReference; lastKnownFileType = sourcecode.swift; path = Weather_Ui_AppApp.swift; sourceTree = "<group>"; };
		BB84E9F02C2FFC1000A9019A /* ContentView.swift */ = {isa = PBXFileReference; lastKnownFileType = sourcecode.swift; path = ContentView.swift; sourceTree = "<group>"; };
		BB84E9F22C2FFC1100A9019A /* Assets.xcassets */ = {isa = PBXFileReference; lastKnownFileType = folder.assetcatalog; path = Assets.xcassets; sourceTree = "<group>"; };
		BB84E9F52C2FFC1100A9019A /* Preview Assets.xcassets */ = {isa = PBXFileReference; lastKnownFileType = folder.assetcatalog; path = "Preview Assets.xcassets"; sourceTree = "<group>"; };
		BB84E9FB2C2FFC1100A9019A /* Weather-Ui-AppTests.xctest */ = {isa = PBXFileReference; explicitFileType = wrapper.cfbundle; includeInIndex = 0; path = "Weather-Ui-AppTests.xctest"; sourceTree = BUILT_PRODUCTS_DIR; };
		BB84E9FF2C2FFC1100A9019A /* Weather_Ui_AppTests.swift */ = {isa = PBXFileReference; lastKnownFileType = sourcecode.swift; path = Weather_Ui_AppTests.swift; sourceTree = "<group>"; };
		BB84EA052C2FFC1100A9019A /* Weather-Ui-AppUITests.xctest */ = {isa = PBXFileReference; explicitFileType = wrapper.cfbundle; includeInIndex = 0; path = "Weather-Ui-AppUITests.xctest"; sourceTree = BUILT_PRODUCTS_DIR; };
		BB84EA092C2FFC1100A9019A /* Weather_Ui_AppUITests.swift */ = {isa = PBXFileReference; lastKnownFileType = sourcecode.swift; path = Weather_Ui_AppUITests.swift; sourceTree = "<group>"; };
		BB84EA0B2C2FFC1100A9019A /* Weather_Ui_AppUITestsLaunchTests.swift */ = {isa = PBXFileReference; lastKnownFileType = sourcecode.swift; path = Weather_Ui_AppUITestsLaunchTests.swift; sourceTree = "<group>"; };
		BBFEB8612C3A9863006F5D3C /* CustomButtonView.swift */ = {isa = PBXFileReference; lastKnownFileType = sourcecode.swift; path = CustomButtonView.swift; sourceTree = "<group>"; };
/* End PBXFileReference section */

/* Begin PBXFrameworksBuildPhase section */
		BB84E9E82C2FFC1000A9019A /* Frameworks */ = {
			isa = PBXFrameworksBuildPhase;
			buildActionMask = 2147483647;
			files = (
			);
			runOnlyForDeploymentPostprocessing = 0;
		};
		BB84E9F82C2FFC1100A9019A /* Frameworks */ = {
			isa = PBXFrameworksBuildPhase;
			buildActionMask = 2147483647;
			files = (
			);
			runOnlyForDeploymentPostprocessing = 0;
		};
		BB84EA022C2FFC1100A9019A /* Frameworks */ = {
			isa = PBXFrameworksBuildPhase;
			buildActionMask = 2147483647;
			files = (
			);
			runOnlyForDeploymentPostprocessing = 0;
		};
/* End PBXFrameworksBuildPhase section */

/* Begin PBXGroup section */
		BB84E9E22C2FFC1000A9019A = {
			isa = PBXGroup;
			children = (
				BB84E9ED2C2FFC1000A9019A /* Weather-Ui-App */,
				BB84E9FE2C2FFC1100A9019A /* Weather-Ui-AppTests */,
				BB84EA082C2FFC1100A9019A /* Weather-Ui-AppUITests */,
				BB84E9EC2C2FFC1000A9019A /* Products */,
			);
			sourceTree = "<group>";
		};
		BB84E9EC2C2FFC1000A9019A /* Products */ = {
			isa = PBXGroup;
			children = (
				BB84E9EB2C2FFC1000A9019A /* Weather-Ui-App.app */,
				BB84E9FB2C2FFC1100A9019A /* Weather-Ui-AppTests.xctest */,
				BB84EA052C2FFC1100A9019A /* Weather-Ui-AppUITests.xctest */,
			);
			name = Products;
			sourceTree = "<group>";
		};
		BB84E9ED2C2FFC1000A9019A /* Weather-Ui-App */ = {
			isa = PBXGroup;
			children = (
				BB84E9EE2C2FFC1000A9019A /* Weather_Ui_AppApp.swift */,
				BB84E9F02C2FFC1000A9019A /* ContentView.swift */,
				BB84E9F22C2FFC1100A9019A /* Assets.xcassets */,
				BB84E9F42C2FFC1100A9019A /* Preview Content */,
			);
			path = "Weather-Ui-App";
			sourceTree = "<group>";
		};
		BB84E9F42C2FFC1100A9019A /* Preview Content */ = {
			isa = PBXGroup;
			children = (
				BB84E9F52C2FFC1100A9019A /* Preview Assets.xcassets */,
				BBFEB8612C3A9863006F5D3C /* CustomButtonView.swift */,
			);
			path = "Preview Content";
			sourceTree = "<group>";
		};
		BB84E9FE2C2FFC1100A9019A /* Weather-Ui-AppTests */ = {
			isa = PBXGroup;
			children = (
				BB84E9FF2C2FFC1100A9019A /* Weather_Ui_AppTests.swift */,
			);
			path = "Weather-Ui-AppTests";
			sourceTree = "<group>";
		};
		BB84EA082C2FFC1100A9019A /* Weather-Ui-AppUITests */ = {
			isa = PBXGroup;
			children = (
				BB84EA092C2FFC1100A9019A /* Weather_Ui_AppUITests.swift */,
				BB84EA0B2C2FFC1100A9019A /* Weather_Ui_AppUITestsLaunchTests.swift */,
			);
			path = "Weather-Ui-AppUITests";
			sourceTree = "<group>";
		};
/* End PBXGroup section */

/* Begin PBXNativeTarget section */
		BB84E9EA2C2FFC1000A9019A /* Weather-Ui-App */ = {
			isa = PBXNativeTarget;
			buildConfigurationList = BB84EA0F2C2FFC1100A9019A /* Build configuration list for PBXNativeTarget "Weather-Ui-App" */;
			buildPhases = (
				BB84E9E72C2FFC1000A9019A /* Sources */,
				BB84E9E82C2FFC1000A9019A /* Frameworks */,
				BB84E9E92C2FFC1000A9019A /* Resources */,
			);
			buildRules = (
			);
			dependencies = (
			);
			name = "Weather-Ui-App";
			productName = "Weather-Ui-App";
			productReference = BB84E9EB2C2FFC1000A9019A /* Weather-Ui-App.app */;
			productType = "com.apple.product-type.application";
		};
		BB84E9FA2C2FFC1100A9019A /* Weather-Ui-AppTests */ = {
			isa = PBXNativeTarget;
			buildConfigurationList = BB84EA122C2FFC1100A9019A /* Build configuration list for PBXNativeTarget "Weather-Ui-AppTests" */;
			buildPhases = (
				BB84E9F72C2FFC1100A9019A /* Sources */,
				BB84E9F82C2FFC1100A9019A /* Frameworks */,
				BB84E9F92C2FFC1100A9019A /* Resources */,
			);
			buildRules = (
			);
			dependencies = (
				BB84E9FD2C2FFC1100A9019A /* PBXTargetDependency */,
			);
			name = "Weather-Ui-AppTests";
			productName = "Weather-Ui-AppTests";
			productReference = BB84E9FB2C2FFC1100A9019A /* Weather-Ui-AppTests.xctest */;
			productType = "com.apple.product-type.bundle.unit-test";
		};
		BB84EA042C2FFC1100A9019A /* Weather-Ui-AppUITests */ = {
			isa = PBXNativeTarget;
			buildConfigurationList = BB84EA152C2FFC1100A9019A /* Build configuration list for PBXNativeTarget "Weather-Ui-AppUITests" */;
			buildPhases = (
				BB84EA012C2FFC1100A9019A /* Sources */,
				BB84EA022C2FFC1100A9019A /* Frameworks */,
				BB84EA032C2FFC1100A9019A /* Resources */,
			);
			buildRules = (
			);
			dependencies = (
				BB84EA072C2FFC1100A9019A /* PBXTargetDependency */,
			);
			name = "Weather-Ui-AppUITests";
			productName = "Weather-Ui-AppUITests";
			productReference = BB84EA052C2FFC1100A9019A /* Weather-Ui-AppUITests.xctest */;
			productType = "com.apple.product-type.bundle.ui-testing";
		};
/* End PBXNativeTarget section */

/* Begin PBXProject section */
		BB84E9E32C2FFC1000A9019A /* Project object */ = {
			isa = PBXProject;
			attributes = {
				BuildIndependentTargetsInParallel = 1;
				LastSwiftUpdateCheck = 1540;
				LastUpgradeCheck = 1540;
				TargetAttributes = {
					BB84E9EA2C2FFC1000A9019A = {
						CreatedOnToolsVersion = 15.4;
					};
					BB84E9FA2C2FFC1100A9019A = {
						CreatedOnToolsVersion = 15.4;
						TestTargetID = BB84E9EA2C2FFC1000A9019A;
					};
					BB84EA042C2FFC1100A9019A = {
						CreatedOnToolsVersion = 15.4;
						TestTargetID = BB84E9EA2C2FFC1000A9019A;
					};
				};
			};
			buildConfigurationList = BB84E9E62C2FFC1000A9019A /* Build configuration list for PBXProject "Weather-Ui-App" */;
			compatibilityVersion = "Xcode 14.0";
			developmentRegion = en;
			hasScannedForEncodings = 0;
			knownRegions = (
				en,
				Base,
			);
			mainGroup = BB84E9E22C2FFC1000A9019A;
			productRefGroup = BB84E9EC2C2FFC1000A9019A /* Products */;
			projectDirPath = "";
			projectRoot = "";
			targets = (
				BB84E9EA2C2FFC1000A9019A /* Weather-Ui-App */,
				BB84E9FA2C2FFC1100A9019A /* Weather-Ui-AppTests */,
				BB84EA042C2FFC1100A9019A /* Weather-Ui-AppUITests */,
			);
		};
/* End PBXProject section */

/* Begin PBXResourcesBuildPhase section */
		BB84E9E92C2FFC1000A9019A /* Resources */ = {
			isa = PBXResourcesBuildPhase;
			buildActionMask = 2147483647;
			files = (
				BB84E9F62C2FFC1100A9019A /* Preview Assets.xcassets in Resources */,
				BB84E9F32C2FFC1100A9019A /* Assets.xcassets in Resources */,
			);
			runOnlyForDeploymentPostprocessing = 0;
		};
		BB84E9F92C2FFC1100A9019A /* Resources */ = {
			isa = PBXResourcesBuildPhase;
			buildActionMask = 2147483647;
			files = (
			);
			runOnlyForDeploymentPostprocessing = 0;
		};
		BB84EA032C2FFC1100A9019A /* Resources */ = {
			isa = PBXResourcesBuildPhase;
			buildActionMask = 2147483647;
			files = (
			);
			runOnlyForDeploymentPostprocessing = 0;
		};
/* End PBXResourcesBuildPhase section */

/* Begin PBXSourcesBuildPhase section */
		BB84E9E72C2FFC1000A9019A /* Sources */ = {
			isa = PBXSourcesBuildPhase;
			buildActionMask = 2147483647;
			files = (
				BBFEB8622C3A9863006F5D3C /* CustomButtonView.swift in Sources */,
				BB84E9F12C2FFC1000A9019A /* ContentView.swift in Sources */,
				BB84E9EF2C2FFC1000A9019A /* Weather_Ui_AppApp.swift in Sources */,
			);
			runOnlyForDeploymentPostprocessing = 0;
		};
		BB84E9F72C2FFC1100A9019A /* Sources */ = {
			isa = PBXSourcesBuildPhase;
			buildActionMask = 2147483647;
			files = (
				BB84EA002C2FFC1100A9019A /* Weather_Ui_AppTests.swift in Sources */,
			);
			runOnlyForDeploymentPostprocessing = 0;
		};
		BB84EA012C2FFC1100A9019A /* Sources */ = {
			isa = PBXSourcesBuildPhase;
			buildActionMask = 2147483647;
			files = (
				BB84EA0A2C2FFC1100A9019A /* Weather_Ui_AppUITests.swift in Sources */,
				BB84EA0C2C2FFC1100A9019A /* Weather_Ui_AppUITestsLaunchTests.swift in Sources */,
			);
			runOnlyForDeploymentPostprocessing = 0;
		};
/* End PBXSourcesBuildPhase section */

/* Begin PBXTargetDependency section */
		BB84E9FD2C2FFC1100A9019A /* PBXTargetDependency */ = {
			isa = PBXTargetDependency;
			target = BB84E9EA2C2FFC1000A9019A /* Weather-Ui-App */;
			targetProxy = BB84E9FC2C2FFC1100A9019A /* PBXContainerItemProxy */;
		};
		BB84EA072C2FFC1100A9019A /* PBXTargetDependency */ = {
			isa = PBXTargetDependency;
			target = BB84E9EA2C2FFC1000A9019A /* Weather-Ui-App */;
			targetProxy = BB84EA062C2FFC1100A9019A /* PBXContainerItemProxy */;
		};
/* End PBXTargetDependency section */

/* Begin XCBuildConfiguration section */
		BB84EA0D2C2FFC1100A9019A /* Debug */ = {
			isa = XCBuildConfiguration;
			buildSettings = {
				ALWAYS_SEARCH_USER_PATHS = NO;
				ASSETCATALOG_COMPILER_GENERATE_SWIFT_ASSET_SYMBOL_EXTENSIONS = YES;
				CLANG_ANALYZER_NONNULL = YES;
				CLANG_ANALYZER_NUMBER_OBJECT_CONVERSION = YES_AGGRESSIVE;
				CLANG_CXX_LANGUAGE_STANDARD = "gnu++20";
				CLANG_ENABLE_MODULES = YES;
				CLANG_ENABLE_OBJC_ARC = YES;
				CLANG_ENABLE_OBJC_WEAK = YES;
				CLANG_WARN_BLOCK_CAPTURE_AUTORELEASING = YES;
				CLANG_WARN_BOOL_CONVERSION = YES;
				CLANG_WARN_COMMA = YES;
				CLANG_WARN_CONSTANT_CONVERSION = YES;
				CLANG_WARN_DEPRECATED_OBJC_IMPLEMENTATIONS = YES;
				CLANG_WARN_DIRECT_OBJC_ISA_USAGE = YES_ERROR;
				CLANG_WARN_DOCUMENTATION_COMMENTS = YES;
				CLANG_WARN_EMPTY_BODY = YES;
				CLANG_WARN_ENUM_CONVERSION = YES;
				CLANG_WARN_INFINITE_RECURSION = YES;
				CLANG_WARN_INT_CONVERSION = YES;
				CLANG_WARN_NON_LITERAL_NULL_CONVERSION = YES;
				CLANG_WARN_OBJC_IMPLICIT_RETAIN_SELF = YES;
				CLANG_WARN_OBJC_LITERAL_CONVERSION = YES;
				CLANG_WARN_OBJC_ROOT_CLASS = YES_ERROR;
				CLANG_WARN_QUOTED_INCLUDE_IN_FRAMEWORK_HEADER = YES;
				CLANG_WARN_RANGE_LOOP_ANALYSIS = YES;
				CLANG_WARN_STRICT_PROTOTYPES = YES;
				CLANG_WARN_SUSPICIOUS_MOVE = YES;
				CLANG_WARN_UNGUARDED_AVAILABILITY = YES_AGGRESSIVE;
				CLANG_WARN_UNREACHABLE_CODE = YES;
				CLANG_WARN__DUPLICATE_METHOD_MATCH = YES;
				COPY_PHASE_STRIP = NO;
				DEBUG_INFORMATION_FORMAT = dwarf;
				ENABLE_STRICT_OBJC_MSGSEND = YES;
				ENABLE_TESTABILITY = YES;
				ENABLE_USER_SCRIPT_SANDBOXING = YES;
				GCC_C_LANGUAGE_STANDARD = gnu17;
				GCC_DYNAMIC_NO_PIC = NO;
				GCC_NO_COMMON_BLOCKS = YES;
				GCC_OPTIMIZATION_LEVEL = 0;
				GCC_PREPROCESSOR_DEFINITIONS = (
					"DEBUG=1",
					"$(inherited)",
				);
				GCC_WARN_64_TO_32_BIT_CONVERSION = YES;
				GCC_WARN_ABOUT_RETURN_TYPE = YES_ERROR;
				GCC_WARN_UNDECLARED_SELECTOR = YES;
				GCC_WARN_UNINITIALIZED_AUTOS = YES_AGGRESSIVE;
				GCC_WARN_UNUSED_FUNCTION = YES;
				GCC_WARN_UNUSED_VARIABLE = YES;
				IPHONEOS_DEPLOYMENT_TARGET = 17.5;
				LOCALIZATION_PREFERS_STRING_CATALOGS = YES;
				MTL_ENABLE_DEBUG_INFO = INCLUDE_SOURCE;
				MTL_FAST_MATH = YES;
				ONLY_ACTIVE_ARCH = YES;
				SDKROOT = iphoneos;
				SWIFT_ACTIVE_COMPILATION_CONDITIONS = "DEBUG $(inherited)";
				SWIFT_OPTIMIZATION_LEVEL = "-Onone";
			};
			name = Debug;
		};
		BB84EA0E2C2FFC1100A9019A /* Release */ = {
			isa = XCBuildConfiguration;
			buildSettings = {
				ALWAYS_SEARCH_USER_PATHS = NO;
				ASSETCATALOG_COMPILER_GENERATE_SWIFT_ASSET_SYMBOL_EXTENSIONS = YES;
				CLANG_ANALYZER_NONNULL = YES;
				CLANG_ANALYZER_NUMBER_OBJECT_CONVERSION = YES_AGGRESSIVE;
				CLANG_CXX_LANGUAGE_STANDARD = "gnu++20";
				CLANG_ENABLE_MODULES = YES;
				CLANG_ENABLE_OBJC_ARC = YES;
				CLANG_ENABLE_OBJC_WEAK = YES;
				CLANG_WARN_BLOCK_CAPTURE_AUTORELEASING = YES;
				CLANG_WARN_BOOL_CONVERSION = YES;
				CLANG_WARN_COMMA = YES;
				CLANG_WARN_CONSTANT_CONVERSION = YES;
				CLANG_WARN_DEPRECATED_OBJC_IMPLEMENTATIONS = YES;
				CLANG_WARN_DIRECT_OBJC_ISA_USAGE = YES_ERROR;
				CLANG_WARN_DOCUMENTATION_COMMENTS = YES;
				CLANG_WARN_EMPTY_BODY = YES;
				CLANG_WARN_ENUM_CONVERSION = YES;
				CLANG_WARN_INFINITE_RECURSION = YES;
				CLANG_WARN_INT_CONVERSION = YES;
				CLANG_WARN_NON_LITERAL_NULL_CONVERSION = YES;
				CLANG_WARN_OBJC_IMPLICIT_RETAIN_SELF = YES;
				CLANG_WARN_OBJC_LITERAL_CONVERSION = YES;
				CLANG_WARN_OBJC_ROOT_CLASS = YES_ERROR;
				CLANG_WARN_QUOTED_INCLUDE_IN_FRAMEWORK_HEADER = YES;
				CLANG_WARN_RANGE_LOOP_ANALYSIS = YES;
				CLANG_WARN_STRICT_PROTOTYPES = YES;
				CLANG_WARN_SUSPICIOUS_MOVE = YES;
				CLANG_WARN_UNGUARDED_AVAILABILITY = YES_AGGRESSIVE;
				CLANG_WARN_UNREACHABLE_CODE = YES;
				CLANG_WARN__DUPLICATE_METHOD_MATCH = YES;
				COPY_PHASE_STRIP = NO;
				DEBUG_INFORMATION_FORMAT = "dwarf-with-dsym";
				ENABLE_NS_ASSERTIONS = NO;
				ENABLE_STRICT_OBJC_MSGSEND = YES;
				ENABLE_USER_SCRIPT_SANDBOXING = YES;
				GCC_C_LANGUAGE_STANDARD = gnu17;
				GCC_NO_COMMON_BLOCKS = YES;
				GCC_WARN_64_TO_32_BIT_CONVERSION = YES;
				GCC_WARN_ABOUT_RETURN_TYPE = YES_ERROR;
				GCC_WARN_UNDECLARED_SELECTOR = YES;
				GCC_WARN_UNINITIALIZED_AUTOS = YES_AGGRESSIVE;
				GCC_WARN_UNUSED_FUNCTION = YES;
				GCC_WARN_UNUSED_VARIABLE = YES;
				IPHONEOS_DEPLOYMENT_TARGET = 17.5;
				LOCALIZATION_PREFERS_STRING_CATALOGS = YES;
				MTL_ENABLE_DEBUG_INFO = NO;
				MTL_FAST_MATH = YES;
				SDKROOT = iphoneos;
				SWIFT_COMPILATION_MODE = wholemodule;
				VALIDATE_PRODUCT = YES;
			};
			name = Release;
		};
		BB84EA102C2FFC1100A9019A /* Debug */ = {
			isa = XCBuildConfiguration;
			buildSettings = {
				ASSETCATALOG_COMPILER_APPICON_NAME = AppIcon;
				ASSETCATALOG_COMPILER_GLOBAL_ACCENT_COLOR_NAME = AccentColor;
				CODE_SIGN_STYLE = Automatic;
				CURRENT_PROJECT_VERSION = 1;
				DEVELOPMENT_ASSET_PATHS = "\"Weather-Ui-App/Preview Content\"";
				DEVELOPMENT_TEAM = A2ZZ43UKL2;
				ENABLE_PREVIEWS = YES;
				GENERATE_INFOPLIST_FILE = YES;
				INFOPLIST_KEY_UIApplicationSceneManifest_Generation = YES;
				INFOPLIST_KEY_UIApplicationSupportsIndirectInputEvents = YES;
				INFOPLIST_KEY_UILaunchScreen_Generation = YES;
				INFOPLIST_KEY_UISupportedInterfaceOrientations_iPad = "UIInterfaceOrientationPortrait UIInterfaceOrientationPortraitUpsideDown UIInterfaceOrientationLandscapeLeft UIInterfaceOrientationLandscapeRight";
				INFOPLIST_KEY_UISupportedInterfaceOrientations_iPhone = "UIInterfaceOrientationPortrait UIInterfaceOrientationLandscapeLeft UIInterfaceOrientationLandscapeRight";
				LD_RUNPATH_SEARCH_PATHS = (
					"$(inherited)",
					"@executable_path/Frameworks",
				);
				MARKETING_VERSION = 1.0;
				PRODUCT_BUNDLE_IDENTIFIER = "com.rd-software.Weather-Ui-App";
				PRODUCT_NAME = "$(TARGET_NAME)";
				SWIFT_EMIT_LOC_STRINGS = YES;
				SWIFT_VERSION = 5.0;
				TARGETED_DEVICE_FAMILY = "1,2";
			};
			name = Debug;
		};
		BB84EA112C2FFC1100A9019A /* Release */ = {
			isa = XCBuildConfiguration;
			buildSettings = {
				ASSETCATALOG_COMPILER_APPICON_NAME = AppIcon;
				ASSETCATALOG_COMPILER_GLOBAL_ACCENT_COLOR_NAME = AccentColor;
				CODE_SIGN_STYLE = Automatic;
				CURRENT_PROJECT_VERSION = 1;
				DEVELOPMENT_ASSET_PATHS = "\"Weather-Ui-App/Preview Content\"";
				DEVELOPMENT_TEAM = A2ZZ43UKL2;
				ENABLE_PREVIEWS = YES;
				GENERATE_INFOPLIST_FILE = YES;
				INFOPLIST_KEY_UIApplicationSceneManifest_Generation = YES;
				INFOPLIST_KEY_UIApplicationSupportsIndirectInputEvents = YES;
				INFOPLIST_KEY_UILaunchScreen_Generation = YES;
				INFOPLIST_KEY_UISupportedInterfaceOrientations_iPad = "UIInterfaceOrientationPortrait UIInterfaceOrientationPortraitUpsideDown UIInterfaceOrientationLandscapeLeft UIInterfaceOrientationLandscapeRight";
				INFOPLIST_KEY_UISupportedInterfaceOrientations_iPhone = "UIInterfaceOrientationPortrait UIInterfaceOrientationLandscapeLeft UIInterfaceOrientationLandscapeRight";
				LD_RUNPATH_SEARCH_PATHS = (
					"$(inherited)",
					"@executable_path/Frameworks",
				);
				MARKETING_VERSION = 1.0;
				PRODUCT_BUNDLE_IDENTIFIER = "com.rd-software.Weather-Ui-App";
				PRODUCT_NAME = "$(TARGET_NAME)";
				SWIFT_EMIT_LOC_STRINGS = YES;
				SWIFT_VERSION = 5.0;
				TARGETED_DEVICE_FAMILY = "1,2";
			};
			name = Release;
		};
		BB84EA132C2FFC1100A9019A /* Debug */ = {
			isa = XCBuildConfiguration;
			buildSettings = {
				ALWAYS_EMBED_SWIFT_STANDARD_LIBRARIES = YES;
				BUNDLE_LOADER = "$(TEST_HOST)";
				CODE_SIGN_STYLE = Automatic;
				CURRENT_PROJECT_VERSION = 1;
				DEVELOPMENT_TEAM = A2ZZ43UKL2;
				GENERATE_INFOPLIST_FILE = YES;
				IPHONEOS_DEPLOYMENT_TARGET = 17.5;
				MARKETING_VERSION = 1.0;
				PRODUCT_BUNDLE_IDENTIFIER = "com.rd-software.Weather-Ui-AppTests";
				PRODUCT_NAME = "$(TARGET_NAME)";
				SWIFT_EMIT_LOC_STRINGS = NO;
				SWIFT_VERSION = 5.0;
				TARGETED_DEVICE_FAMILY = "1,2";
				TEST_HOST = "$(BUILT_PRODUCTS_DIR)/Weather-Ui-App.app/$(BUNDLE_EXECUTABLE_FOLDER_PATH)/Weather-Ui-App";
			};
			name = Debug;
		};
		BB84EA142C2FFC1100A9019A /* Release */ = {
			isa = XCBuildConfiguration;
			buildSettings = {
				ALWAYS_EMBED_SWIFT_STANDARD_LIBRARIES = YES;
				BUNDLE_LOADER = "$(TEST_HOST)";
				CODE_SIGN_STYLE = Automatic;
				CURRENT_PROJECT_VERSION = 1;
				DEVELOPMENT_TEAM = A2ZZ43UKL2;
				GENERATE_INFOPLIST_FILE = YES;
				IPHONEOS_DEPLOYMENT_TARGET = 17.5;
				MARKETING_VERSION = 1.0;
				PRODUCT_BUNDLE_IDENTIFIER = "com.rd-software.Weather-Ui-AppTests";
				PRODUCT_NAME = "$(TARGET_NAME)";
				SWIFT_EMIT_LOC_STRINGS = NO;
				SWIFT_VERSION = 5.0;
				TARGETED_DEVICE_FAMILY = "1,2";
				TEST_HOST = "$(BUILT_PRODUCTS_DIR)/Weather-Ui-App.app/$(BUNDLE_EXECUTABLE_FOLDER_PATH)/Weather-Ui-App";
			};
			name = Release;
		};
		BB84EA162C2FFC1100A9019A /* Debug */ = {
			isa = XCBuildConfiguration;
			buildSettings = {
				ALWAYS_EMBED_SWIFT_STANDARD_LIBRARIES = YES;
				CODE_SIGN_STYLE = Automatic;
				CURRENT_PROJECT_VERSION = 1;
				DEVELOPMENT_TEAM = A2ZZ43UKL2;
				GENERATE_INFOPLIST_FILE = YES;
				MARKETING_VERSION = 1.0;
				PRODUCT_BUNDLE_IDENTIFIER = "com.rd-software.Weather-Ui-AppUITests";
				PRODUCT_NAME = "$(TARGET_NAME)";
				SWIFT_EMIT_LOC_STRINGS = NO;
				SWIFT_VERSION = 5.0;
				TARGETED_DEVICE_FAMILY = "1,2";
				TEST_TARGET_NAME = "Weather-Ui-App";
			};
			name = Debug;
		};
		BB84EA172C2FFC1100A9019A /* Release */ = {
			isa = XCBuildConfiguration;
			buildSettings = {
				ALWAYS_EMBED_SWIFT_STANDARD_LIBRARIES = YES;
				CODE_SIGN_STYLE = Automatic;
				CURRENT_PROJECT_VERSION = 1;
				DEVELOPMENT_TEAM = A2ZZ43UKL2;
				GENERATE_INFOPLIST_FILE = YES;
				MARKETING_VERSION = 1.0;
				PRODUCT_BUNDLE_IDENTIFIER = "com.rd-software.Weather-Ui-AppUITests";
				PRODUCT_NAME = "$(TARGET_NAME)";
				SWIFT_EMIT_LOC_STRINGS = NO;
				SWIFT_VERSION = 5.0;
				TARGETED_DEVICE_FAMILY = "1,2";
				TEST_TARGET_NAME = "Weather-Ui-App";
			};
			name = Release;
		};
/* End XCBuildConfiguration section */

/* Begin XCConfigurationList section */
		BB84E9E62C2FFC1000A9019A /* Build configuration list for PBXProject "Weather-Ui-App" */ = {
			isa = XCConfigurationList;
			buildConfigurations = (
				BB84EA0D2C2FFC1100A9019A /* Debug */,
				BB84EA0E2C2FFC1100A9019A /* Release */,
			);
			defaultConfigurationIsVisible = 0;
			defaultConfigurationName = Release;
		};
		BB84EA0F2C2FFC1100A9019A /* Build configuration list for PBXNativeTarget "Weather-Ui-App" */ = {
			isa = XCConfigurationList;
			buildConfigurations = (
				BB84EA102C2FFC1100A9019A /* Debug */,
				BB84EA112C2FFC1100A9019A /* Release */,
			);
			defaultConfigurationIsVisible = 0;
			defaultConfigurationName = Release;
		};
		BB84EA122C2FFC1100A9019A /* Build configuration list for PBXNativeTarget "Weather-Ui-AppTests" */ = {
			isa = XCConfigurationList;
			buildConfigurations = (
				BB84EA132C2FFC1100A9019A /* Debug */,
				BB84EA142C2FFC1100A9019A /* Release */,
			);
			defaultConfigurationIsVisible = 0;
			defaultConfigurationName = Release;
		};
		BB84EA152C2FFC1100A9019A /* Build configuration list for PBXNativeTarget "Weather-Ui-AppUITests" */ = {
			isa = XCConfigurationList;
			buildConfigurations = (
				BB84EA162C2FFC1100A9019A /* Debug */,
				BB84EA172C2FFC1100A9019A /* Release */,
			);
			defaultConfigurationIsVisible = 0;
			defaultConfigurationName = Release;
		};
/* End XCConfigurationList section */
	};
	rootObject = BB84E9E32C2FFC1000A9019A /* Project object */;
}
